
Microsoft Visual Studio Solution File, Format Version 12.00
# Visual Studio Version 16
VisualStudioVersion = 16.0.31205.134
MinimumVisualStudioVersion = 10.0.40219.1
Project("{9A19103F-16F7-4668-BE54-9A1E7A4F7556}") = "backend", "backend\backend.csproj", "{B2620A86-DAAE-4DE6-994D-95C89FBE3E94}"
EndProject
Project("{FAE04EC0-301F-11D3-BF4B-00C04F79EFBC}") = "BLL", "BLL\BLL.csproj", "{FF56D6C4-FBD0-4FCC-B3D7-84601839A82C}"
EndProject
Project("{FAE04EC0-301F-11D3-BF4B-00C04F79EFBC}") = "DAL", "DAL\DAL.csproj", "{1AB260B1-5258-487D-85EB-B6F9BA8A7282}"
EndProject
Global
	GlobalSection(SolutionConfigurationPlatforms) = preSolution
		Debug|Any CPU = Debug|Any CPU
		Release|Any CPU = Release|Any CPU
	EndGlobalSection
	GlobalSection(ProjectConfigurationPlatforms) = postSolution
		{B2620A86-DAAE-4DE6-994D-95C89FBE3E94}.Debug|Any CPU.ActiveCfg = Debug|Any CPU
		{B2620A86-DAAE-4DE6-994D-95C89FBE3E94}.Debug|Any CPU.Build.0 = Debug|Any CPU
		{B2620A86-DAAE-4DE6-994D-95C89FBE3E94}.Release|Any CPU.ActiveCfg = Release|Any CPU
		{B2620A86-DAAE-4DE6-994D-95C89FBE3E94}.Release|Any CPU.Build.0 = Release|Any CPU
		{FF56D6C4-FBD0-4FCC-B3D7-84601839A82C}.Debug|Any CPU.ActiveCfg = Debug|Any CPU
		{FF56D6C4-FBD0-4FCC-B3D7-84601839A82C}.Debug|Any CPU.Build.0 = Debug|Any CPU
		{FF56D6C4-FBD0-4FCC-B3D7-84601839A82C}.Release|Any CPU.ActiveCfg = Release|Any CPU
		{FF56D6C4-FBD0-4FCC-B3D7-84601839A82C}.Release|Any CPU.Build.0 = Release|Any CPU
		{1AB260B1-5258-487D-85EB-B6F9BA8A7282}.Debug|Any CPU.ActiveCfg = Debug|Any CPU
		{1AB260B1-5258-487D-85EB-B6F9BA8A7282}.Debug|Any CPU.Build.0 = Debug|Any CPU
		{1AB260B1-5258-487D-85EB-B6F9BA8A7282}.Release|Any CPU.ActiveCfg = Release|Any CPU
		{1AB260B1-5258-487D-85EB-B6F9BA8A7282}.Release|Any CPU.Build.0 = Release|Any CPU
	EndGlobalSection
	GlobalSection(SolutionProperties) = preSolution
		HideSolutionNode = FALSE
	EndGlobalSection
	GlobalSection(ExtensibilityGlobals) = postSolution
		SolutionGuid = {EDD6CF58-1300-466C-B17D-2251EAE063F2}
	EndGlobalSection
EndGlobal
